
Microsoft Visual Studio Solution File, Format Version 12.00
# Visual Studio Version 16
VisualStudioVersion = 16.0.36128.20
MinimumVisualStudioVersion = 10.0.40219.1
Project("{FAE04EC0-301F-11D3-BF4B-00C04F79EFBC}") = "Day6_Task", "Day6_Task\Day6_Task.csproj", "{2D89E08B-0EC0-41A0-B5C9-D011749D538D}"
EndProject
Global
	GlobalSection(SolutionConfigurationPlatforms) = preSolution
		Debug|Any CPU = Debug|Any CPU
		Release|Any CPU = Release|Any CPU
	EndGlobalSection
	GlobalSection(ProjectConfigurationPlatforms) = postSolution
		{2D89E08B-0EC0-41A0-B5C9-D011749D538D}.Debug|Any CPU.ActiveCfg = Debug|Any CPU
		{2D89E08B-0EC0-41A0-B5C9-D011749D538D}.Debug|Any CPU.Build.0 = Debug|Any CPU
		{2D89E08B-0EC0-41A0-B5C9-D011749D538D}.Release|Any CPU.ActiveCfg = Release|Any CPU
		{2D89E08B-0EC0-41A0-B5C9-D011749D538D}.Release|Any CPU.Build.0 = Release|Any CPU
	EndGlobalSection
	GlobalSection(SolutionProperties) = preSolution
		HideSolutionNode = FALSE
	EndGlobalSection
	GlobalSection(ExtensibilityGlobals) = postSolution
		SolutionGuid = {E1E1239E-47BC-4852-91D9-DB7B025446BF}
	EndGlobalSection
EndGlobal
