
Microsoft Visual Studio Solution File, Format Version 12.00
# Visual Studio Version 16
VisualStudioVersion = 16.0.36128.20
MinimumVisualStudioVersion = 10.0.40219.1
Project("{FAE04EC0-301F-11D3-BF4B-00C04F79EFBC}") = "Assignment_1", "Assignment_1\Assignment_1.csproj", "{29725975-1695-4BF8-8788-FB96C9345B67}"
EndProject
Global
	GlobalSection(SolutionConfigurationPlatforms) = preSolution
		Debug|Any CPU = Debug|Any CPU
		Release|Any CPU = Release|Any CPU
	EndGlobalSection
	GlobalSection(ProjectConfigurationPlatforms) = postSolution
		{29725975-1695-4BF8-8788-FB96C9345B67}.Debug|Any CPU.ActiveCfg = Debug|Any CPU
		{29725975-1695-4BF8-8788-FB96C9345B67}.Debug|Any CPU.Build.0 = Debug|Any CPU
		{29725975-1695-4BF8-8788-FB96C9345B67}.Release|Any CPU.ActiveCfg = Release|Any CPU
		{29725975-1695-4BF8-8788-FB96C9345B67}.Release|Any CPU.Build.0 = Release|Any CPU
	EndGlobalSection
	GlobalSection(SolutionProperties) = preSolution
		HideSolutionNode = FALSE
	EndGlobalSection
	GlobalSection(ExtensibilityGlobals) = postSolution
		SolutionGuid = {E6867B97-1F88-414D-9AB5-45E11604C482}
	EndGlobalSection
EndGlobal
